// !$*UTF8*$!
{
	archiveVersion = 1;
	classes = {
	};
	objectVersion = 56;
	objects = {

/* Begin PBXBuildFile section */
		BB7A8A8C2AF0A78800489208 /* cards_managerApp.swift in Sources */ = {isa = PBXBuildFile; fileRef = BB7A8A8B2AF0A78800489208 /* cards_managerApp.swift */; };
		BB7A8A8E2AF0A78800489208 /* ContentView.swift in Sources */ = {isa = PBXBuildFile; fileRef = BB7A8A8D2AF0A78800489208 /* ContentView.swift */; };
		BB7A8A902AF0A78800489208 /* Item.swift in Sources */ = {isa = PBXBuildFile; fileRef = BB7A8A8F2AF0A78800489208 /* Item.swift */; };
		BB7A8A922AF0A78A00489208 /* Assets.xcassets in Resources */ = {isa = PBXBuildFile; fileRef = BB7A8A912AF0A78A00489208 /* Assets.xcassets */; };
		BB7A8A952AF0A78A00489208 /* Preview Assets.xcassets in Resources */ = {isa = PBXBuildFile; fileRef = BB7A8A942AF0A78A00489208 /* Preview Assets.xcassets */; };
		BB7A8AA12AF0A78B00489208 /* cards_managerTests.swift in Sources */ = {isa = PBXBuildFile; fileRef = BB7A8AA02AF0A78B00489208 /* cards_managerTests.swift */; };
		BB7A8AAB2AF0A78B00489208 /* cards_managerUITests.swift in Sources */ = {isa = PBXBuildFile; fileRef = BB7A8AAA2AF0A78B00489208 /* cards_managerUITests.swift */; };
		BB7A8AAD2AF0A78B00489208 /* cards_managerUITestsLaunchTests.swift in Sources */ = {isa = PBXBuildFile; fileRef = BB7A8AAC2AF0A78B00489208 /* cards_managerUITestsLaunchTests.swift */; };
/* End PBXBuildFile section */

/* Begin PBXContainerItemProxy section */
		BB7A8A9D2AF0A78B00489208 /* PBXContainerItemProxy */ = {
			isa = PBXContainerItemProxy;
			containerPortal = BB7A8A802AF0A78800489208 /* Project object */;
			proxyType = 1;
			remoteGlobalIDString = BB7A8A872AF0A78800489208;
			remoteInfo = cards_manager;
		};
		BB7A8AA72AF0A78B00489208 /* PBXContainerItemProxy */ = {
			isa = PBXContainerItemProxy;
			containerPortal = BB7A8A802AF0A78800489208 /* Project object */;
			proxyType = 1;
			remoteGlobalIDString = BB7A8A872AF0A78800489208;
			remoteInfo = cards_manager;
		};
/* End PBXContainerItemProxy section */

/* Begin PBXFileReference section */
		BB7A8A882AF0A78800489208 /* cards_manager.app */ = {isa = PBXFileReference; explicitFileType = wrapper.application; includeInIndex = 0; path = cards_manager.app; sourceTree = BUILT_PRODUCTS_DIR; };
		BB7A8A8B2AF0A78800489208 /* cards_managerApp.swift */ = {isa = PBXFileReference; lastKnownFileType = sourcecode.swift; path = cards_managerApp.swift; sourceTree = "<group>"; };
		BB7A8A8D2AF0A78800489208 /* ContentView.swift */ = {isa = PBXFileReference; lastKnownFileType = sourcecode.swift; path = ContentView.swift; sourceTree = "<group>"; };
		BB7A8A8F2AF0A78800489208 /* Item.swift */ = {isa = PBXFileReference; lastKnownFileType = sourcecode.swift; path = Item.swift; sourceTree = "<group>"; };
		BB7A8A912AF0A78A00489208 /* Assets.xcassets */ = {isa = PBXFileReference; lastKnownFileType = folder.assetcatalog; path = Assets.xcassets; sourceTree = "<group>"; };
		BB7A8A942AF0A78A00489208 /* Preview Assets.xcassets */ = {isa = PBXFileReference; lastKnownFileType = folder.assetcatalog; path = "Preview Assets.xcassets"; sourceTree = "<group>"; };
		BB7A8A962AF0A78A00489208 /* cards_manager.entitlements */ = {isa = PBXFileReference; lastKnownFileType = text.plist.entitlements; path = cards_manager.entitlements; sourceTree = "<group>"; };
		BB7A8A972AF0A78A00489208 /* Info.plist */ = {isa = PBXFileReference; lastKnownFileType = text.plist.xml; path = Info.plist; sourceTree = "<group>"; };
		BB7A8A9C2AF0A78B00489208 /* cards_managerTests.xctest */ = {isa = PBXFileReference; explicitFileType = wrapper.cfbundle; includeInIndex = 0; path = cards_managerTests.xctest; sourceTree = BUILT_PRODUCTS_DIR; };
		BB7A8AA02AF0A78B00489208 /* cards_managerTests.swift */ = {isa = PBXFileReference; lastKnownFileType = sourcecode.swift; path = cards_managerTests.swift; sourceTree = "<group>"; };
		BB7A8AA62AF0A78B00489208 /* cards_managerUITests.xctest */ = {isa = PBXFileReference; explicitFileType = wrapper.cfbundle; includeInIndex = 0; path = cards_managerUITests.xctest; sourceTree = BUILT_PRODUCTS_DIR; };
		BB7A8AAA2AF0A78B00489208 /* cards_managerUITests.swift */ = {isa = PBXFileReference; lastKnownFileType = sourcecode.swift; path = cards_managerUITests.swift; sourceTree = "<group>"; };
		BB7A8AAC2AF0A78B00489208 /* cards_managerUITestsLaunchTests.swift */ = {isa = PBXFileReference; lastKnownFileType = sourcecode.swift; path = cards_managerUITestsLaunchTests.swift; sourceTree = "<group>"; };
/* End PBXFileReference section */

/* Begin PBXFrameworksBuildPhase section */
		BB7A8A852AF0A78800489208 /* Frameworks */ = {
			isa = PBXFrameworksBuildPhase;
			buildActionMask = 2147483647;
			files = (
			);
			runOnlyForDeploymentPostprocessing = 0;
		};
		BB7A8A992AF0A78B00489208 /* Frameworks */ = {
			isa = PBXFrameworksBuildPhase;
			buildActionMask = 2147483647;
			files = (
			);
			runOnlyForDeploymentPostprocessing = 0;
		};
		BB7A8AA32AF0A78B00489208 /* Frameworks */ = {
			isa = PBXFrameworksBuildPhase;
			buildActionMask = 2147483647;
			files = (
			);
			runOnlyForDeploymentPostprocessing = 0;
		};
/* End PBXFrameworksBuildPhase section */

/* Begin PBXGroup section */
		BB7A8A7F2AF0A78800489208 = {
			isa = PBXGroup;
			children = (
				BB7A8A8A2AF0A78800489208 /* cards_manager */,
				BB7A8A9F2AF0A78B00489208 /* cards_managerTests */,
				BB7A8AA92AF0A78B00489208 /* cards_managerUITests */,
				BB7A8A892AF0A78800489208 /* Products */,
			);
			sourceTree = "<group>";
		};
		BB7A8A892AF0A78800489208 /* Products */ = {
			isa = PBXGroup;
			children = (
				BB7A8A882AF0A78800489208 /* cards_manager.app */,
				BB7A8A9C2AF0A78B00489208 /* cards_managerTests.xctest */,
				BB7A8AA62AF0A78B00489208 /* cards_managerUITests.xctest */,
			);
			name = Products;
			sourceTree = "<group>";
		};
		BB7A8A8A2AF0A78800489208 /* cards_manager */ = {
			isa = PBXGroup;
			children = (
				BB7A8A8B2AF0A78800489208 /* cards_managerApp.swift */,
				BB7A8A8D2AF0A78800489208 /* ContentView.swift */,
				BB7A8A8F2AF0A78800489208 /* Item.swift */,
				BB7A8A912AF0A78A00489208 /* Assets.xcassets */,
				BB7A8A962AF0A78A00489208 /* cards_manager.entitlements */,
				BB7A8A972AF0A78A00489208 /* Info.plist */,
				BB7A8A932AF0A78A00489208 /* Preview Content */,
			);
			path = cards_manager;
			sourceTree = "<group>";
		};
		BB7A8A932AF0A78A00489208 /* Preview Content */ = {
			isa = PBXGroup;
			children = (
				BB7A8A942AF0A78A00489208 /* Preview Assets.xcassets */,
			);
			path = "Preview Content";
			sourceTree = "<group>";
		};
		BB7A8A9F2AF0A78B00489208 /* cards_managerTests */ = {
			isa = PBXGroup;
			children = (
				BB7A8AA02AF0A78B00489208 /* cards_managerTests.swift */,
			);
			path = cards_managerTests;
			sourceTree = "<group>";
		};
		BB7A8AA92AF0A78B00489208 /* cards_managerUITests */ = {
			isa = PBXGroup;
			children = (
				BB7A8AAA2AF0A78B00489208 /* cards_managerUITests.swift */,
				BB7A8AAC2AF0A78B00489208 /* cards_managerUITestsLaunchTests.swift */,
			);
			path = cards_managerUITests;
			sourceTree = "<group>";
		};
/* End PBXGroup section */

/* Begin PBXNativeTarget section */
		BB7A8A872AF0A78800489208 /* cards_manager */ = {
			isa = PBXNativeTarget;
			buildConfigurationList = BB7A8AB02AF0A78B00489208 /* Build configuration list for PBXNativeTarget "cards_manager" */;
			buildPhases = (
				BB7A8A842AF0A78800489208 /* Sources */,
				BB7A8A852AF0A78800489208 /* Frameworks */,
				BB7A8A862AF0A78800489208 /* Resources */,
			);
			buildRules = (
			);
			dependencies = (
			);
			name = cards_manager;
			productName = cards_manager;
			productReference = BB7A8A882AF0A78800489208 /* cards_manager.app */;
			productType = "com.apple.product-type.application";
		};
		BB7A8A9B2AF0A78B00489208 /* cards_managerTests */ = {
			isa = PBXNativeTarget;
			buildConfigurationList = BB7A8AB32AF0A78B00489208 /* Build configuration list for PBXNativeTarget "cards_managerTests" */;
			buildPhases = (
				BB7A8A982AF0A78B00489208 /* Sources */,
				BB7A8A992AF0A78B00489208 /* Frameworks */,
				BB7A8A9A2AF0A78B00489208 /* Resources */,
			);
			buildRules = (
			);
			dependencies = (
				BB7A8A9E2AF0A78B00489208 /* PBXTargetDependency */,
			);
			name = cards_managerTests;
			productName = cards_managerTests;
			productReference = BB7A8A9C2AF0A78B00489208 /* cards_managerTests.xctest */;
			productType = "com.apple.product-type.bundle.unit-test";
		};
		BB7A8AA52AF0A78B00489208 /* cards_managerUITests */ = {
			isa = PBXNativeTarget;
			buildConfigurationList = BB7A8AB62AF0A78B00489208 /* Build configuration list for PBXNativeTarget "cards_managerUITests" */;
			buildPhases = (
				BB7A8AA22AF0A78B00489208 /* Sources */,
				BB7A8AA32AF0A78B00489208 /* Frameworks */,
				BB7A8AA42AF0A78B00489208 /* Resources */,
			);
			buildRules = (
			);
			dependencies = (
				BB7A8AA82AF0A78B00489208 /* PBXTargetDependency */,
			);
			name = cards_managerUITests;
			productName = cards_managerUITests;
			productReference = BB7A8AA62AF0A78B00489208 /* cards_managerUITests.xctest */;
			productType = "com.apple.product-type.bundle.ui-testing";
		};
/* End PBXNativeTarget section */

/* Begin PBXProject section */
		BB7A8A802AF0A78800489208 /* Project object */ = {
			isa = PBXProject;
			attributes = {
				BuildIndependentTargetsInParallel = 1;
				LastSwiftUpdateCheck = 1500;
				LastUpgradeCheck = 1500;
				TargetAttributes = {
					BB7A8A872AF0A78800489208 = {
						CreatedOnToolsVersion = 15.0.1;
					};
					BB7A8A9B2AF0A78B00489208 = {
						CreatedOnToolsVersion = 15.0.1;
						TestTargetID = BB7A8A872AF0A78800489208;
					};
					BB7A8AA52AF0A78B00489208 = {
						CreatedOnToolsVersion = 15.0.1;
						TestTargetID = BB7A8A872AF0A78800489208;
					};
				};
			};
			buildConfigurationList = BB7A8A832AF0A78800489208 /* Build configuration list for PBXProject "cards_manager" */;
			compatibilityVersion = "Xcode 14.0";
			developmentRegion = en;
			hasScannedForEncodings = 0;
			knownRegions = (
				en,
				Base,
			);
			mainGroup = BB7A8A7F2AF0A78800489208;
			productRefGroup = BB7A8A892AF0A78800489208 /* Products */;
			projectDirPath = "";
			projectRoot = "";
			targets = (
				BB7A8A872AF0A78800489208 /* cards_manager */,
				BB7A8A9B2AF0A78B00489208 /* cards_managerTests */,
				BB7A8AA52AF0A78B00489208 /* cards_managerUITests */,
			);
		};
/* End PBXProject section */

/* Begin PBXResourcesBuildPhase section */
		BB7A8A862AF0A78800489208 /* Resources */ = {
			isa = PBXResourcesBuildPhase;
			buildActionMask = 2147483647;
			files = (
				BB7A8A952AF0A78A00489208 /* Preview Assets.xcassets in Resources */,
				BB7A8A922AF0A78A00489208 /* Assets.xcassets in Resources */,
			);
			runOnlyForDeploymentPostprocessing = 0;
		};
		BB7A8A9A2AF0A78B00489208 /* Resources */ = {
			isa = PBXResourcesBuildPhase;
			buildActionMask = 2147483647;
			files = (
			);
			runOnlyForDeploymentPostprocessing = 0;
		};
		BB7A8AA42AF0A78B00489208 /* Resources */ = {
			isa = PBXResourcesBuildPhase;
			buildActionMask = 2147483647;
			files = (
			);
			runOnlyForDeploymentPostprocessing = 0;
		};
/* End PBXResourcesBuildPhase section */

/* Begin PBXSourcesBuildPhase section */
		BB7A8A842AF0A78800489208 /* Sources */ = {
			isa = PBXSourcesBuildPhase;
			buildActionMask = 2147483647;
			files = (
				BB7A8A8E2AF0A78800489208 /* ContentView.swift in Sources */,
				BB7A8A902AF0A78800489208 /* Item.swift in Sources */,
				BB7A8A8C2AF0A78800489208 /* cards_managerApp.swift in Sources */,
			);
			runOnlyForDeploymentPostprocessing = 0;
		};
		BB7A8A982AF0A78B00489208 /* Sources */ = {
			isa = PBXSourcesBuildPhase;
			buildActionMask = 2147483647;
			files = (
				BB7A8AA12AF0A78B00489208 /* cards_managerTests.swift in Sources */,
			);
			runOnlyForDeploymentPostprocessing = 0;
		};
		BB7A8AA22AF0A78B00489208 /* Sources */ = {
			isa = PBXSourcesBuildPhase;
			buildActionMask = 2147483647;
			files = (
				BB7A8AAD2AF0A78B00489208 /* cards_managerUITestsLaunchTests.swift in Sources */,
				BB7A8AAB2AF0A78B00489208 /* cards_managerUITests.swift in Sources */,
			);
			runOnlyForDeploymentPostprocessing = 0;
		};
/* End PBXSourcesBuildPhase section */

/* Begin PBXTargetDependency section */
		BB7A8A9E2AF0A78B00489208 /* PBXTargetDependency */ = {
			isa = PBXTargetDependency;
			target = BB7A8A872AF0A78800489208 /* cards_manager */;
			targetProxy = BB7A8A9D2AF0A78B00489208 /* PBXContainerItemProxy */;
		};
		BB7A8AA82AF0A78B00489208 /* PBXTargetDependency */ = {
			isa = PBXTargetDependency;
			target = BB7A8A872AF0A78800489208 /* cards_manager */;
			targetProxy = BB7A8AA72AF0A78B00489208 /* PBXContainerItemProxy */;
		};
/* End PBXTargetDependency section */

/* Begin XCBuildConfiguration section */
		BB7A8AAE2AF0A78B00489208 /* Debug */ = {
			isa = XCBuildConfiguration;
			buildSettings = {
				ALWAYS_SEARCH_USER_PATHS = NO;
				ASSETCATALOG_COMPILER_GENERATE_SWIFT_ASSET_SYMBOL_EXTENSIONS = YES;
				CLANG_ANALYZER_NONNULL = YES;
				CLANG_ANALYZER_NUMBER_OBJECT_CONVERSION = YES_AGGRESSIVE;
				CLANG_CXX_LANGUAGE_STANDARD = "gnu++20";
				CLANG_ENABLE_MODULES = YES;
				CLANG_ENABLE_OBJC_ARC = YES;
				CLANG_ENABLE_OBJC_WEAK = YES;
				CLANG_WARN_BLOCK_CAPTURE_AUTORELEASING = YES;
				CLANG_WARN_BOOL_CONVERSION = YES;
				CLANG_WARN_COMMA = YES;
				CLANG_WARN_CONSTANT_CONVERSION = YES;
				CLANG_WARN_DEPRECATED_OBJC_IMPLEMENTATIONS = YES;
				CLANG_WARN_DIRECT_OBJC_ISA_USAGE = YES_ERROR;
				CLANG_WARN_DOCUMENTATION_COMMENTS = YES;
				CLANG_WARN_EMPTY_BODY = YES;
				CLANG_WARN_ENUM_CONVERSION = YES;
				CLANG_WARN_INFINITE_RECURSION = YES;
				CLANG_WARN_INT_CONVERSION = YES;
				CLANG_WARN_NON_LITERAL_NULL_CONVERSION = YES;
				CLANG_WARN_OBJC_IMPLICIT_RETAIN_SELF = YES;
				CLANG_WARN_OBJC_LITERAL_CONVERSION = YES;
				CLANG_WARN_OBJC_ROOT_CLASS = YES_ERROR;
				CLANG_WARN_QUOTED_INCLUDE_IN_FRAMEWORK_HEADER = YES;
				CLANG_WARN_RANGE_LOOP_ANALYSIS = YES;
				CLANG_WARN_STRICT_PROTOTYPES = YES;
				CLANG_WARN_SUSPICIOUS_MOVE = YES;
				CLANG_WARN_UNGUARDED_AVAILABILITY = YES_AGGRESSIVE;
				CLANG_WARN_UNREACHABLE_CODE = YES;
				CLANG_WARN__DUPLICATE_METHOD_MATCH = YES;
				COPY_PHASE_STRIP = NO;
				DEBUG_INFORMATION_FORMAT = dwarf;
				ENABLE_STRICT_OBJC_MSGSEND = YES;
				ENABLE_TESTABILITY = YES;
				ENABLE_USER_SCRIPT_SANDBOXING = YES;
				GCC_C_LANGUAGE_STANDARD = gnu17;
				GCC_DYNAMIC_NO_PIC = NO;
				GCC_NO_COMMON_BLOCKS = YES;
				GCC_OPTIMIZATION_LEVEL = 0;
				GCC_PREPROCESSOR_DEFINITIONS = (
					"DEBUG=1",
					"$(inherited)",
				);
				GCC_WARN_64_TO_32_BIT_CONVERSION = YES;
				GCC_WARN_ABOUT_RETURN_TYPE = YES_ERROR;
				GCC_WARN_UNDECLARED_SELECTOR = YES;
				GCC_WARN_UNINITIALIZED_AUTOS = YES_AGGRESSIVE;
				GCC_WARN_UNUSED_FUNCTION = YES;
				GCC_WARN_UNUSED_VARIABLE = YES;
				IPHONEOS_DEPLOYMENT_TARGET = 17.0;
				LOCALIZATION_PREFERS_STRING_CATALOGS = YES;
				MTL_ENABLE_DEBUG_INFO = INCLUDE_SOURCE;
				MTL_FAST_MATH = YES;
				ONLY_ACTIVE_ARCH = YES;
				SDKROOT = iphoneos;
				SWIFT_ACTIVE_COMPILATION_CONDITIONS = "DEBUG $(inherited)";
				SWIFT_OPTIMIZATION_LEVEL = "-Onone";
			};
			name = Debug;
		};
		BB7A8AAF2AF0A78B00489208 /* Release */ = {
			isa = XCBuildConfiguration;
			buildSettings = {
				ALWAYS_SEARCH_USER_PATHS = NO;
				ASSETCATALOG_COMPILER_GENERATE_SWIFT_ASSET_SYMBOL_EXTENSIONS = YES;
				CLANG_ANALYZER_NONNULL = YES;
				CLANG_ANALYZER_NUMBER_OBJECT_CONVERSION = YES_AGGRESSIVE;
				CLANG_CXX_LANGUAGE_STANDARD = "gnu++20";
				CLANG_ENABLE_MODULES = YES;
				CLANG_ENABLE_OBJC_ARC = YES;
				CLANG_ENABLE_OBJC_WEAK = YES;
				CLANG_WARN_BLOCK_CAPTURE_AUTORELEASING = YES;
				CLANG_WARN_BOOL_CONVERSION = YES;
				CLANG_WARN_COMMA = YES;
				CLANG_WARN_CONSTANT_CONVERSION = YES;
				CLANG_WARN_DEPRECATED_OBJC_IMPLEMENTATIONS = YES;
				CLANG_WARN_DIRECT_OBJC_ISA_USAGE = YES_ERROR;
				CLANG_WARN_DOCUMENTATION_COMMENTS = YES;
				CLANG_WARN_EMPTY_BODY = YES;
				CLANG_WARN_ENUM_CONVERSION = YES;
				CLANG_WARN_INFINITE_RECURSION = YES;
				CLANG_WARN_INT_CONVERSION = YES;
				CLANG_WARN_NON_LITERAL_NULL_CONVERSION = YES;
				CLANG_WARN_OBJC_IMPLICIT_RETAIN_SELF = YES;
				CLANG_WARN_OBJC_LITERAL_CONVERSION = YES;
				CLANG_WARN_OBJC_ROOT_CLASS = YES_ERROR;
				CLANG_WARN_QUOTED_INCLUDE_IN_FRAMEWORK_HEADER = YES;
				CLANG_WARN_RANGE_LOOP_ANALYSIS = YES;
				CLANG_WARN_STRICT_PROTOTYPES = YES;
				CLANG_WARN_SUSPICIOUS_MOVE = YES;
				CLANG_WARN_UNGUARDED_AVAILABILITY = YES_AGGRESSIVE;
				CLANG_WARN_UNREACHABLE_CODE = YES;
				CLANG_WARN__DUPLICATE_METHOD_MATCH = YES;
				COPY_PHASE_STRIP = NO;
				DEBUG_INFORMATION_FORMAT = "dwarf-with-dsym";
				ENABLE_NS_ASSERTIONS = NO;
				ENABLE_STRICT_OBJC_MSGSEND = YES;
				ENABLE_USER_SCRIPT_SANDBOXING = YES;
				GCC_C_LANGUAGE_STANDARD = gnu17;
				GCC_NO_COMMON_BLOCKS = YES;
				GCC_WARN_64_TO_32_BIT_CONVERSION = YES;
				GCC_WARN_ABOUT_RETURN_TYPE = YES_ERROR;
				GCC_WARN_UNDECLARED_SELECTOR = YES;
				GCC_WARN_UNINITIALIZED_AUTOS = YES_AGGRESSIVE;
				GCC_WARN_UNUSED_FUNCTION = YES;
				GCC_WARN_UNUSED_VARIABLE = YES;
				IPHONEOS_DEPLOYMENT_TARGET = 17.0;
				LOCALIZATION_PREFERS_STRING_CATALOGS = YES;
				MTL_ENABLE_DEBUG_INFO = NO;
				MTL_FAST_MATH = YES;
				SDKROOT = iphoneos;
				SWIFT_COMPILATION_MODE = wholemodule;
				VALIDATE_PRODUCT = YES;
			};
			name = Release;
		};
		BB7A8AB12AF0A78B00489208 /* Debug */ = {
			isa = XCBuildConfiguration;
			buildSettings = {
				ASSETCATALOG_COMPILER_APPICON_NAME = AppIcon;
				ASSETCATALOG_COMPILER_GLOBAL_ACCENT_COLOR_NAME = AccentColor;
				CODE_SIGN_ENTITLEMENTS = cards_manager/cards_manager.entitlements;
				CODE_SIGN_STYLE = Automatic;
				CURRENT_PROJECT_VERSION = 1;
				DEVELOPMENT_ASSET_PATHS = "\"cards_manager/Preview Content\"";
				DEVELOPMENT_TEAM = WJPZ6DAZP6;
				ENABLE_PREVIEWS = YES;
				GENERATE_INFOPLIST_FILE = YES;
				INFOPLIST_FILE = cards_manager/Info.plist;
				INFOPLIST_KEY_UIApplicationSceneManifest_Generation = YES;
				INFOPLIST_KEY_UIApplicationSupportsIndirectInputEvents = YES;
				INFOPLIST_KEY_UILaunchScreen_Generation = YES;
				INFOPLIST_KEY_UISupportedInterfaceOrientations_iPad = "UIInterfaceOrientationPortrait UIInterfaceOrientationPortraitUpsideDown UIInterfaceOrientationLandscapeLeft UIInterfaceOrientationLandscapeRight";
				INFOPLIST_KEY_UISupportedInterfaceOrientations_iPhone = "UIInterfaceOrientationPortrait UIInterfaceOrientationLandscapeLeft UIInterfaceOrientationLandscapeRight";
				LD_RUNPATH_SEARCH_PATHS = (
					"$(inherited)",
					"@executable_path/Frameworks",
				);
				MARKETING_VERSION = 1.0;
				PRODUCT_BUNDLE_IDENTIFIER = "com.batype.cards-manager";
				PRODUCT_NAME = "$(TARGET_NAME)";
				SWIFT_EMIT_LOC_STRINGS = YES;
				SWIFT_VERSION = 5.0;
				TARGETED_DEVICE_FAMILY = "1,2";
			};
			name = Debug;
		};
		BB7A8AB22AF0A78B00489208 /* Release */ = {
			isa = XCBuildConfiguration;
			buildSettings = {
				ASSETCATALOG_COMPILER_APPICON_NAME = AppIcon;
				ASSETCATALOG_COMPILER_GLOBAL_ACCENT_COLOR_NAME = AccentColor;
				CODE_SIGN_ENTITLEMENTS = cards_manager/cards_manager.entitlements;
				CODE_SIGN_STYLE = Automatic;
				CURRENT_PROJECT_VERSION = 1;
				DEVELOPMENT_ASSET_PATHS = "\"cards_manager/Preview Content\"";
				DEVELOPMENT_TEAM = WJPZ6DAZP6;
				ENABLE_PREVIEWS = YES;
				GENERATE_INFOPLIST_FILE = YES;
				INFOPLIST_FILE = cards_manager/Info.plist;
				INFOPLIST_KEY_UIApplicationSceneManifest_Generation = YES;
				INFOPLIST_KEY_UIApplicationSupportsIndirectInputEvents = YES;
				INFOPLIST_KEY_UILaunchScreen_Generation = YES;
				INFOPLIST_KEY_UISupportedInterfaceOrientations_iPad = "UIInterfaceOrientationPortrait UIInterfaceOrientationPortraitUpsideDown UIInterfaceOrientationLandscapeLeft UIInterfaceOrientationLandscapeRight";
				INFOPLIST_KEY_UISupportedInterfaceOrientations_iPhone = "UIInterfaceOrientationPortrait UIInterfaceOrientationLandscapeLeft UIInterfaceOrientationLandscapeRight";
				LD_RUNPATH_SEARCH_PATHS = (
					"$(inherited)",
					"@executable_path/Frameworks",
				);
				MARKETING_VERSION = 1.0;
				PRODUCT_BUNDLE_IDENTIFIER = "com.batype.cards-manager";
				PRODUCT_NAME = "$(TARGET_NAME)";
				SWIFT_EMIT_LOC_STRINGS = YES;
				SWIFT_VERSION = 5.0;
				TARGETED_DEVICE_FAMILY = "1,2";
			};
			name = Release;
		};
		BB7A8AB42AF0A78B00489208 /* Debug */ = {
			isa = XCBuildConfiguration;
			buildSettings = {
				ALWAYS_EMBED_SWIFT_STANDARD_LIBRARIES = YES;
				BUNDLE_LOADER = "$(TEST_HOST)";
				CODE_SIGN_STYLE = Automatic;
				CURRENT_PROJECT_VERSION = 1;
				DEVELOPMENT_TEAM = WJPZ6DAZP6;
				GENERATE_INFOPLIST_FILE = YES;
				IPHONEOS_DEPLOYMENT_TARGET = 17.0;
				MARKETING_VERSION = 1.0;
				PRODUCT_BUNDLE_IDENTIFIER = "com.batype.cards-managerTests";
				PRODUCT_NAME = "$(TARGET_NAME)";
				SWIFT_EMIT_LOC_STRINGS = NO;
				SWIFT_VERSION = 5.0;
				TARGETED_DEVICE_FAMILY = "1,2";
				TEST_HOST = "$(BUILT_PRODUCTS_DIR)/cards_manager.app/$(BUNDLE_EXECUTABLE_FOLDER_PATH)/cards_manager";
			};
			name = Debug;
		};
		BB7A8AB52AF0A78B00489208 /* Release */ = {
			isa = XCBuildConfiguration;
			buildSettings = {
				ALWAYS_EMBED_SWIFT_STANDARD_LIBRARIES = YES;
				BUNDLE_LOADER = "$(TEST_HOST)";
				CODE_SIGN_STYLE = Automatic;
				CURRENT_PROJECT_VERSION = 1;
				DEVELOPMENT_TEAM = WJPZ6DAZP6;
				GENERATE_INFOPLIST_FILE = YES;
				IPHONEOS_DEPLOYMENT_TARGET = 17.0;
				MARKETING_VERSION = 1.0;
				PRODUCT_BUNDLE_IDENTIFIER = "com.batype.cards-managerTests";
				PRODUCT_NAME = "$(TARGET_NAME)";
				SWIFT_EMIT_LOC_STRINGS = NO;
				SWIFT_VERSION = 5.0;
				TARGETED_DEVICE_FAMILY = "1,2";
				TEST_HOST = "$(BUILT_PRODUCTS_DIR)/cards_manager.app/$(BUNDLE_EXECUTABLE_FOLDER_PATH)/cards_manager";
			};
			name = Release;
		};
		BB7A8AB72AF0A78B00489208 /* Debug */ = {
			isa = XCBuildConfiguration;
			buildSettings = {
				ALWAYS_EMBED_SWIFT_STANDARD_LIBRARIES = YES;
				CODE_SIGN_STYLE = Automatic;
				CURRENT_PROJECT_VERSION = 1;
				DEVELOPMENT_TEAM = WJPZ6DAZP6;
				GENERATE_INFOPLIST_FILE = YES;
				MARKETING_VERSION = 1.0;
				PRODUCT_BUNDLE_IDENTIFIER = "com.batype.cards-managerUITests";
				PRODUCT_NAME = "$(TARGET_NAME)";
				SWIFT_EMIT_LOC_STRINGS = NO;
				SWIFT_VERSION = 5.0;
				TARGETED_DEVICE_FAMILY = "1,2";
				TEST_TARGET_NAME = cards_manager;
			};
			name = Debug;
		};
		BB7A8AB82AF0A78B00489208 /* Release */ = {
			isa = XCBuildConfiguration;
			buildSettings = {
				ALWAYS_EMBED_SWIFT_STANDARD_LIBRARIES = YES;
				CODE_SIGN_STYLE = Automatic;
				CURRENT_PROJECT_VERSION = 1;
				DEVELOPMENT_TEAM = WJPZ6DAZP6;
				GENERATE_INFOPLIST_FILE = YES;
				MARKETING_VERSION = 1.0;
				PRODUCT_BUNDLE_IDENTIFIER = "com.batype.cards-managerUITests";
				PRODUCT_NAME = "$(TARGET_NAME)";
				SWIFT_EMIT_LOC_STRINGS = NO;
				SWIFT_VERSION = 5.0;
				TARGETED_DEVICE_FAMILY = "1,2";
				TEST_TARGET_NAME = cards_manager;
			};
			name = Release;
		};
/* End XCBuildConfiguration section */

/* Begin XCConfigurationList section */
		BB7A8A832AF0A78800489208 /* Build configuration list for PBXProject "cards_manager" */ = {
			isa = XCConfigurationList;
			buildConfigurations = (
				BB7A8AAE2AF0A78B00489208 /* Debug */,
				BB7A8AAF2AF0A78B00489208 /* Release */,
			);
			defaultConfigurationIsVisible = 0;
			defaultConfigurationName = Release;
		};
		BB7A8AB02AF0A78B00489208 /* Build configuration list for PBXNativeTarget "cards_manager" */ = {
			isa = XCConfigurationList;
			buildConfigurations = (
				BB7A8AB12AF0A78B00489208 /* Debug */,
				BB7A8AB22AF0A78B00489208 /* Release */,
			);
			defaultConfigurationIsVisible = 0;
			defaultConfigurationName = Release;
		};
		BB7A8AB32AF0A78B00489208 /* Build configuration list for PBXNativeTarget "cards_managerTests" */ = {
			isa = XCConfigurationList;
			buildConfigurations = (
				BB7A8AB42AF0A78B00489208 /* Debug */,
				BB7A8AB52AF0A78B00489208 /* Release */,
			);
			defaultConfigurationIsVisible = 0;
			defaultConfigurationName = Release;
		};
		BB7A8AB62AF0A78B00489208 /* Build configuration list for PBXNativeTarget "cards_managerUITests" */ = {
			isa = XCConfigurationList;
			buildConfigurations = (
				BB7A8AB72AF0A78B00489208 /* Debug */,
				BB7A8AB82AF0A78B00489208 /* Release */,
			);
			defaultConfigurationIsVisible = 0;
			defaultConfigurationName = Release;
		};
/* End XCConfigurationList section */
	};
	rootObject = BB7A8A802AF0A78800489208 /* Project object */;
}
